
Microsoft Visual Studio Solution File, Format Version 12.00
# Visual Studio Version 17
VisualStudioVersion = 17.9.34728.123
MinimumVisualStudioVersion = 10.0.40219.1
Project("{8BC9CEB8-8B4A-11D0-8D11-00A0C91BC942}") = "homework_08_1", "homework_08_1.vcxproj", "{A98748B7-C96F-40B1-9B58-F3E176FBCCB2}"
EndProject
Global
	GlobalSection(SolutionConfigurationPlatforms) = preSolution
		Debug|x64 = Debug|x64
		Debug|x86 = Debug|x86
		Release|x64 = Release|x64
		Release|x86 = Release|x86
	EndGlobalSection
	GlobalSection(ProjectConfigurationPlatforms) = postSolution
		{A98748B7-C96F-40B1-9B58-F3E176FBCCB2}.Debug|x64.ActiveCfg = Debug|x64
		{A98748B7-C96F-40B1-9B58-F3E176FBCCB2}.Debug|x64.Build.0 = Debug|x64
		{A98748B7-C96F-40B1-9B58-F3E176FBCCB2}.Debug|x86.ActiveCfg = Debug|Win32
		{A98748B7-C96F-40B1-9B58-F3E176FBCCB2}.Debug|x86.Build.0 = Debug|Win32
		{A98748B7-C96F-40B1-9B58-F3E176FBCCB2}.Release|x64.ActiveCfg = Release|x64
		{A98748B7-C96F-40B1-9B58-F3E176FBCCB2}.Release|x64.Build.0 = Release|x64
		{A98748B7-C96F-40B1-9B58-F3E176FBCCB2}.Release|x86.ActiveCfg = Release|Win32
		{A98748B7-C96F-40B1-9B58-F3E176FBCCB2}.Release|x86.Build.0 = Release|Win32
	EndGlobalSection
	GlobalSection(SolutionProperties) = preSolution
		HideSolutionNode = FALSE
	EndGlobalSection
	GlobalSection(ExtensibilityGlobals) = postSolution
		SolutionGuid = {B0FF862D-BF0C-4910-AAA9-DC56F016AC49}
	EndGlobalSection
EndGlobal
